// !$*UTF8*$!
{
	archiveVersion = 1;
	classes = {
	};
	objectVersion = 48;
	objects = {

/* Begin PBXBuildFile section */
		BEAB6B7C208A45F100B958EE /* AppDelegate.swift in Sources */ = {isa = PBXBuildFile; fileRef = BEAB6B7B208A45F100B958EE /* AppDelegate.swift */; };
		BEAB6B7E208A45F100B958EE /* ViewController.swift in Sources */ = {isa = PBXBuildFile; fileRef = BEAB6B7D208A45F100B958EE /* ViewController.swift */; };
		BEAB6B81208A45F100B958EE /* Main.storyboard in Resources */ = {isa = PBXBuildFile; fileRef = BEAB6B7F208A45F100B958EE /* Main.storyboard */; };
		BEAB6B83208A45F100B958EE /* Assets.xcassets in Resources */ = {isa = PBXBuildFile; fileRef = BEAB6B82208A45F100B958EE /* Assets.xcassets */; };
		BEAB6B86208A45F100B958EE /* LaunchScreen.storyboard in Resources */ = {isa = PBXBuildFile; fileRef = BEAB6B84208A45F100B958EE /* LaunchScreen.storyboard */; };
/* End PBXBuildFile section */

/* Begin PBXFileReference section */
		BEAB6B78208A45F100B958EE /* YML_iOS_Challenge_Pierce_Hubbard.app */ = {isa = PBXFileReference; explicitFileType = wrapper.application; includeInIndex = 0; path = YML_iOS_Challenge_Pierce_Hubbard.app; sourceTree = BUILT_PRODUCTS_DIR; };
		BEAB6B7B208A45F100B958EE /* AppDelegate.swift */ = {isa = PBXFileReference; lastKnownFileType = sourcecode.swift; path = AppDelegate.swift; sourceTree = "<group>"; };
		BEAB6B7D208A45F100B958EE /* ViewController.swift */ = {isa = PBXFileReference; lastKnownFileType = sourcecode.swift; path = ViewController.swift; sourceTree = "<group>"; };
		BEAB6B80208A45F100B958EE /* Base */ = {isa = PBXFileReference; lastKnownFileType = file.storyboard; name = Base; path = Base.lproj/Main.storyboard; sourceTree = "<group>"; };
		BEAB6B82208A45F100B958EE /* Assets.xcassets */ = {isa = PBXFileReference; lastKnownFileType = folder.assetcatalog; path = Assets.xcassets; sourceTree = "<group>"; };
		BEAB6B85208A45F100B958EE /* Base */ = {isa = PBXFileReference; lastKnownFileType = file.storyboard; name = Base; path = Base.lproj/LaunchScreen.storyboard; sourceTree = "<group>"; };
		BEAB6B87208A45F100B958EE /* Info.plist */ = {isa = PBXFileReference; lastKnownFileType = text.plist.xml; path = Info.plist; sourceTree = "<group>"; };
/* End PBXFileReference section */

/* Begin PBXFrameworksBuildPhase section */
		BEAB6B75208A45F100B958EE /* Frameworks */ = {
			isa = PBXFrameworksBuildPhase;
			buildActionMask = 2147483647;
			files = (
			);
			runOnlyForDeploymentPostprocessing = 0;
		};
/* End PBXFrameworksBuildPhase section */

/* Begin PBXGroup section */
		BEAB6B6F208A45F100B958EE = {
			isa = PBXGroup;
			children = (
				BEAB6B7A208A45F100B958EE /* YML_iOS_Challenge_Pierce_Hubbard */,
				BEAB6B79208A45F100B958EE /* Products */,
			);
			sourceTree = "<group>";
		};
		BEAB6B79208A45F100B958EE /* Products */ = {
			isa = PBXGroup;
			children = (
				BEAB6B78208A45F100B958EE /* YML_iOS_Challenge_Pierce_Hubbard.app */,
			);
			name = Products;
			sourceTree = "<group>";
		};
		BEAB6B7A208A45F100B958EE /* YML_iOS_Challenge_Pierce_Hubbard */ = {
			isa = PBXGroup;
			children = (
				BEAB6B7B208A45F100B958EE /* AppDelegate.swift */,
				BEAB6B7D208A45F100B958EE /* ViewController.swift */,
				BEAB6B7F208A45F100B958EE /* Main.storyboard */,
				BEAB6B82208A45F100B958EE /* Assets.xcassets */,
				BEAB6B84208A45F100B958EE /* LaunchScreen.storyboard */,
				BEAB6B87208A45F100B958EE /* Info.plist */,
			);
			path = YML_iOS_Challenge_Pierce_Hubbard;
			sourceTree = "<group>";
		};
/* End PBXGroup section */

/* Begin PBXNativeTarget section */
		BEAB6B77208A45F100B958EE /* YML_iOS_Challenge_Pierce_Hubbard */ = {
			isa = PBXNativeTarget;
			buildConfigurationList = BEAB6B8A208A45F100B958EE /* Build configuration list for PBXNativeTarget "YML_iOS_Challenge_Pierce_Hubbard" */;
			buildPhases = (
				BEAB6B74208A45F100B958EE /* Sources */,
				BEAB6B75208A45F100B958EE /* Frameworks */,
				BEAB6B76208A45F100B958EE /* Resources */,
			);
			buildRules = (
			);
			dependencies = (
			);
			name = YML_iOS_Challenge_Pierce_Hubbard;
			productName = YML_iOS_Challenge_Pierce_Hubbard;
			productReference = BEAB6B78208A45F100B958EE /* YML_iOS_Challenge_Pierce_Hubbard.app */;
			productType = "com.apple.product-type.application";
		};
/* End PBXNativeTarget section */

/* Begin PBXProject section */
		BEAB6B70208A45F100B958EE /* Project object */ = {
			isa = PBXProject;
			attributes = {
				LastSwiftUpdateCheck = 0920;
				LastUpgradeCheck = 0920;
				ORGANIZATIONNAME = Pierce;
				TargetAttributes = {
					BEAB6B77208A45F100B958EE = {
						CreatedOnToolsVersion = 9.2;
						ProvisioningStyle = Automatic;
					};
				};
			};
			buildConfigurationList = BEAB6B73208A45F100B958EE /* Build configuration list for PBXProject "YML_iOS_Challenge_Pierce_Hubbard" */;
			compatibilityVersion = "Xcode 8.0";
			developmentRegion = en;
			hasScannedForEncodings = 0;
			knownRegions = (
				en,
				Base,
			);
			mainGroup = BEAB6B6F208A45F100B958EE;
			productRefGroup = BEAB6B79208A45F100B958EE /* Products */;
			projectDirPath = "";
			projectRoot = "";
			targets = (
				BEAB6B77208A45F100B958EE /* YML_iOS_Challenge_Pierce_Hubbard */,
			);
		};
/* End PBXProject section */

/* Begin PBXResourcesBuildPhase section */
		BEAB6B76208A45F100B958EE /* Resources */ = {
			isa = PBXResourcesBuildPhase;
			buildActionMask = 2147483647;
			files = (
				BEAB6B86208A45F100B958EE /* LaunchScreen.storyboard in Resources */,
				BEAB6B83208A45F100B958EE /* Assets.xcassets in Resources */,
				BEAB6B81208A45F100B958EE /* Main.storyboard in Resources */,
			);
			runOnlyForDeploymentPostprocessing = 0;
		};
/* End PBXResourcesBuildPhase section */

/* Begin PBXSourcesBuildPhase section */
		BEAB6B74208A45F100B958EE /* Sources */ = {
			isa = PBXSourcesBuildPhase;
			buildActionMask = 2147483647;
			files = (
				BEAB6B7E208A45F100B958EE /* ViewController.swift in Sources */,
				BEAB6B7C208A45F100B958EE /* AppDelegate.swift in Sources */,
			);
			runOnlyForDeploymentPostprocessing = 0;
		};
/* End PBXSourcesBuildPhase section */

/* Begin PBXVariantGroup section */
		BEAB6B7F208A45F100B958EE /* Main.storyboard */ = {
			isa = PBXVariantGroup;
			children = (
				BEAB6B80208A45F100B958EE /* Base */,
			);
			name = Main.storyboard;
			sourceTree = "<group>";
		};
		BEAB6B84208A45F100B958EE /* LaunchScreen.storyboard */ = {
			isa = PBXVariantGroup;
			children = (
				BEAB6B85208A45F100B958EE /* Base */,
			);
			name = LaunchScreen.storyboard;
			sourceTree = "<group>";
		};
/* End PBXVariantGroup section */

/* Begin XCBuildConfiguration section */
		BEAB6B88208A45F100B958EE /* Debug */ = {
			isa = XCBuildConfiguration;
			buildSettings = {
				ALWAYS_SEARCH_USER_PATHS = NO;
				CLANG_ANALYZER_NONNULL = YES;
				CLANG_ANALYZER_NUMBER_OBJECT_CONVERSION = YES_AGGRESSIVE;
				CLANG_CXX_LANGUAGE_STANDARD = "gnu++14";
				CLANG_CXX_LIBRARY = "libc++";
				CLANG_ENABLE_MODULES = YES;
				CLANG_ENABLE_OBJC_ARC = YES;
				CLANG_WARN_BLOCK_CAPTURE_AUTORELEASING = YES;
				CLANG_WARN_BOOL_CONVERSION = YES;
				CLANG_WARN_COMMA = YES;
				CLANG_WARN_CONSTANT_CONVERSION = YES;
				CLANG_WARN_DIRECT_OBJC_ISA_USAGE = YES_ERROR;
				CLANG_WARN_DOCUMENTATION_COMMENTS = YES;
				CLANG_WARN_EMPTY_BODY = YES;
				CLANG_WARN_ENUM_CONVERSION = YES;
				CLANG_WARN_INFINITE_RECURSION = YES;
				CLANG_WARN_INT_CONVERSION = YES;
				CLANG_WARN_NON_LITERAL_NULL_CONVERSION = YES;
				CLANG_WARN_OBJC_LITERAL_CONVERSION = YES;
				CLANG_WARN_OBJC_ROOT_CLASS = YES_ERROR;
				CLANG_WARN_RANGE_LOOP_ANALYSIS = YES;
				CLANG_WARN_STRICT_PROTOTYPES = YES;
				CLANG_WARN_SUSPICIOUS_MOVE = YES;
				CLANG_WARN_UNGUARDED_AVAILABILITY = YES_AGGRESSIVE;
				CLANG_WARN_UNREACHABLE_CODE = YES;
				CLANG_WARN__DUPLICATE_METHOD_MATCH = YES;
				CODE_SIGN_IDENTITY = "iPhone Developer";
				COPY_PHASE_STRIP = NO;
				DEBUG_INFORMATION_FORMAT = dwarf;
				ENABLE_STRICT_OBJC_MSGSEND = YES;
				ENABLE_TESTABILITY = YES;
				GCC_C_LANGUAGE_STANDARD = gnu11;
				GCC_DYNAMIC_NO_PIC = NO;
				GCC_NO_COMMON_BLOCKS = YES;
				GCC_OPTIMIZATION_LEVEL = 0;
				GCC_PREPROCESSOR_DEFINITIONS = (
					"DEBUG=1",
					"$(inherited)",
				);
				GCC_WARN_64_TO_32_BIT_CONVERSION = YES;
				GCC_WARN_ABOUT_RETURN_TYPE = YES_ERROR;
				GCC_WARN_UNDECLARED_SELECTOR = YES;
				GCC_WARN_UNINITIALIZED_AUTOS = YES_AGGRESSIVE;
				GCC_WARN_UNUSED_FUNCTION = YES;
				GCC_WARN_UNUSED_VARIABLE = YES;
				IPHONEOS_DEPLOYMENT_TARGET = 11.2;
				MTL_ENABLE_DEBUG_INFO = YES;
				ONLY_ACTIVE_ARCH = YES;
				SDKROOT = iphoneos;
				SWIFT_ACTIVE_COMPILATION_CONDITIONS = DEBUG;
				SWIFT_OPTIMIZATION_LEVEL = "-Onone";
			};
			name = Debug;
		};
		BEAB6B89208A45F100B958EE /* Release */ = {
			isa = XCBuildConfiguration;
			buildSettings = {
				ALWAYS_SEARCH_USER_PATHS = NO;
				CLANG_ANALYZER_NONNULL = YES;
				CLANG_ANALYZER_NUMBER_OBJECT_CONVERSION = YES_AGGRESSIVE;
				CLANG_CXX_LANGUAGE_STANDARD = "gnu++14";
				CLANG_CXX_LIBRARY = "libc++";
				CLANG_ENABLE_MODULES = YES;
				CLANG_ENABLE_OBJC_ARC = YES;
				CLANG_WARN_BLOCK_CAPTURE_AUTORELEASING = YES;
				CLANG_WARN_BOOL_CONVERSION = YES;
				CLANG_WARN_COMMA = YES;
				CLANG_WARN_CONSTANT_CONVERSION = YES;
				CLANG_WARN_DIRECT_OBJC_ISA_USAGE = YES_ERROR;
				CLANG_WARN_DOCUMENTATION_COMMENTS = YES;
				CLANG_WARN_EMPTY_BODY = YES;
				CLANG_WARN_ENUM_CONVERSION = YES;
				CLANG_WARN_INFINITE_RECURSION = YES;
				CLANG_WARN_INT_CONVERSION = YES;
				CLANG_WARN_NON_LITERAL_NULL_CONVERSION = YES;
				CLANG_WARN_OBJC_LITERAL_CONVERSION = YES;
				CLANG_WARN_OBJC_ROOT_CLASS = YES_ERROR;
				CLANG_WARN_RANGE_LOOP_ANALYSIS = YES;
				CLANG_WARN_STRICT_PROTOTYPES = YES;
				CLANG_WARN_SUSPICIOUS_MOVE = YES;
				CLANG_WARN_UNGUARDED_AVAILABILITY = YES_AGGRESSIVE;
				CLANG_WARN_UNREACHABLE_CODE = YES;
				CLANG_WARN__DUPLICATE_METHOD_MATCH = YES;
				CODE_SIGN_IDENTITY = "iPhone Developer";
				COPY_PHASE_STRIP = NO;
				DEBUG_INFORMATION_FORMAT = "dwarf-with-dsym";
				ENABLE_NS_ASSERTIONS = NO;
				ENABLE_STRICT_OBJC_MSGSEND = YES;
				GCC_C_LANGUAGE_STANDARD = gnu11;
				GCC_NO_COMMON_BLOCKS = YES;
				GCC_WARN_64_TO_32_BIT_CONVERSION = YES;
				GCC_WARN_ABOUT_RETURN_TYPE = YES_ERROR;
				GCC_WARN_UNDECLARED_SELECTOR = YES;
				GCC_WARN_UNINITIALIZED_AUTOS = YES_AGGRESSIVE;
				GCC_WARN_UNUSED_FUNCTION = YES;
				GCC_WARN_UNUSED_VARIABLE = YES;
				IPHONEOS_DEPLOYMENT_TARGET = 11.2;
				MTL_ENABLE_DEBUG_INFO = NO;
				SDKROOT = iphoneos;
				SWIFT_OPTIMIZATION_LEVEL = "-Owholemodule";
				VALIDATE_PRODUCT = YES;
			};
			name = Release;
		};
		BEAB6B8B208A45F100B958EE /* Debug */ = {
			isa = XCBuildConfiguration;
			buildSettings = {
				ASSETCATALOG_COMPILER_APPICON_NAME = AppIcon;
				CODE_SIGN_STYLE = Automatic;
				DEVELOPMENT_TEAM = U657B7FNB5;
				INFOPLIST_FILE = YML_iOS_Challenge_Pierce_Hubbard/Info.plist;
				LD_RUNPATH_SEARCH_PATHS = "$(inherited) @executable_path/Frameworks";
				PRODUCT_BUNDLE_IDENTIFIER = "com.Pierce.YML-iOS-Challenge-Pierce-Hubbard";
				PRODUCT_NAME = "$(TARGET_NAME)";
				SWIFT_VERSION = 4.0;
				TARGETED_DEVICE_FAMILY = "1,2";
			};
			name = Debug;
		};
		BEAB6B8C208A45F100B958EE /* Release */ = {
			isa = XCBuildConfiguration;
			buildSettings = {
				ASSETCATALOG_COMPILER_APPICON_NAME = AppIcon;
				CODE_SIGN_STYLE = Automatic;
				DEVELOPMENT_TEAM = U657B7FNB5;
				INFOPLIST_FILE = YML_iOS_Challenge_Pierce_Hubbard/Info.plist;
				LD_RUNPATH_SEARCH_PATHS = "$(inherited) @executable_path/Frameworks";
				PRODUCT_BUNDLE_IDENTIFIER = "com.Pierce.YML-iOS-Challenge-Pierce-Hubbard";
				PRODUCT_NAME = "$(TARGET_NAME)";
				SWIFT_VERSION = 4.0;
				TARGETED_DEVICE_FAMILY = "1,2";
			};
			name = Release;
		};
/* End XCBuildConfiguration section */

/* Begin XCConfigurationList section */
		BEAB6B73208A45F100B958EE /* Build configuration list for PBXProject "YML_iOS_Challenge_Pierce_Hubbard" */ = {
			isa = XCConfigurationList;
			buildConfigurations = (
				BEAB6B88208A45F100B958EE /* Debug */,
				BEAB6B89208A45F100B958EE /* Release */,
			);
			defaultConfigurationIsVisible = 0;
			defaultConfigurationName = Release;
		};
		BEAB6B8A208A45F100B958EE /* Build configuration list for PBXNativeTarget "YML_iOS_Challenge_Pierce_Hubbard" */ = {
			isa = XCConfigurationList;
			buildConfigurations = (
				BEAB6B8B208A45F100B958EE /* Debug */,
				BEAB6B8C208A45F100B958EE /* Release */,
			);
			defaultConfigurationIsVisible = 0;
			defaultConfigurationName = Release;
		};
/* End XCConfigurationList section */
	};
	rootObject = BEAB6B70208A45F100B958EE /* Project object */;
}
